
Microsoft Visual Studio Solution File, Format Version 12.00
# Visual Studio Version 17
VisualStudioVersion = 17.14.36915.13 d17.14
MinimumVisualStudioVersion = 10.0.40219.1
Project("{FAE04EC0-301F-11D3-BF4B-00C04F79EFBC}") = "Escapeaway", "Escapeaway\Escapeaway.csproj", "{DFDD7664-394D-4ED9-BEF0-F6C8E0EF57A3}"
EndProject
Global
	GlobalSection(SolutionConfigurationPlatforms) = preSolution
		Debug|Any CPU = Debug|Any CPU
		Release|Any CPU = Release|Any CPU
	EndGlobalSection
	GlobalSection(ProjectConfigurationPlatforms) = postSolution
		{DFDD7664-394D-4ED9-BEF0-F6C8E0EF57A3}.Debug|Any CPU.ActiveCfg = Debug|Any CPU
		{DFDD7664-394D-4ED9-BEF0-F6C8E0EF57A3}.Debug|Any CPU.Build.0 = Debug|Any CPU
		{DFDD7664-394D-4ED9-BEF0-F6C8E0EF57A3}.Release|Any CPU.ActiveCfg = Release|Any CPU
		{DFDD7664-394D-4ED9-BEF0-F6C8E0EF57A3}.Release|Any CPU.Build.0 = Release|Any CPU
	EndGlobalSection
	GlobalSection(SolutionProperties) = preSolution
		HideSolutionNode = FALSE
	EndGlobalSection
	GlobalSection(ExtensibilityGlobals) = postSolution
		SolutionGuid = {1C5BC29F-EFCA-4F1A-B1FB-03974D498033}
	EndGlobalSection
EndGlobal
